// !$*UTF8*$!
{
	archiveVersion = 1;
	classes = {
	};
	objectVersion = 46;
	objects = {

/* Begin PBXBuildFile section */
		6313710E1C7A1E3700565875 /* AppDelegate.swift in Sources */ = {isa = PBXBuildFile; fileRef = 6313710D1C7A1E3700565875 /* AppDelegate.swift */; };
		631371101C7A1E3700565875 /* ViewController.swift in Sources */ = {isa = PBXBuildFile; fileRef = 6313710F1C7A1E3700565875 /* ViewController.swift */; };
		631371131C7A1E3700565875 /* Main.storyboard in Resources */ = {isa = PBXBuildFile; fileRef = 631371111C7A1E3700565875 /* Main.storyboard */; };
		631371161C7A1E3700565875 /* weather.xcdatamodeld in Sources */ = {isa = PBXBuildFile; fileRef = 631371141C7A1E3700565875 /* weather.xcdatamodeld */; };
		631371181C7A1E3700565875 /* Assets.xcassets in Resources */ = {isa = PBXBuildFile; fileRef = 631371171C7A1E3700565875 /* Assets.xcassets */; };
		6313711B1C7A1E3700565875 /* LaunchScreen.storyboard in Resources */ = {isa = PBXBuildFile; fileRef = 631371191C7A1E3700565875 /* LaunchScreen.storyboard */; };
		6A225346CC7A8BB6EC9962E9 /* Pods_weather.framework in Frameworks */ = {isa = PBXBuildFile; fileRef = B56CA03C6FD718D033972BF8 /* Pods_weather.framework */; };
/* End PBXBuildFile section */

/* Begin PBXFileReference section */
		6313710A1C7A1E3700565875 /* weather.app */ = {isa = PBXFileReference; explicitFileType = wrapper.application; includeInIndex = 0; path = weather.app; sourceTree = BUILT_PRODUCTS_DIR; };
		6313710D1C7A1E3700565875 /* AppDelegate.swift */ = {isa = PBXFileReference; lastKnownFileType = sourcecode.swift; path = AppDelegate.swift; sourceTree = "<group>"; };
		6313710F1C7A1E3700565875 /* ViewController.swift */ = {isa = PBXFileReference; lastKnownFileType = sourcecode.swift; path = ViewController.swift; sourceTree = "<group>"; };
		631371121C7A1E3700565875 /* Base */ = {isa = PBXFileReference; lastKnownFileType = file.storyboard; name = Base; path = Base.lproj/Main.storyboard; sourceTree = "<group>"; };
		631371151C7A1E3700565875 /* weather.xcdatamodel */ = {isa = PBXFileReference; lastKnownFileType = wrapper.xcdatamodel; path = weather.xcdatamodel; sourceTree = "<group>"; };
		631371171C7A1E3700565875 /* Assets.xcassets */ = {isa = PBXFileReference; lastKnownFileType = folder.assetcatalog; path = Assets.xcassets; sourceTree = "<group>"; };
		6313711A1C7A1E3700565875 /* Base */ = {isa = PBXFileReference; lastKnownFileType = file.storyboard; name = Base; path = Base.lproj/LaunchScreen.storyboard; sourceTree = "<group>"; };
		6313711C1C7A1E3700565875 /* Info.plist */ = {isa = PBXFileReference; lastKnownFileType = text.plist.xml; path = Info.plist; sourceTree = "<group>"; };
		B56CA03C6FD718D033972BF8 /* Pods_weather.framework */ = {isa = PBXFileReference; explicitFileType = wrapper.framework; includeInIndex = 0; path = Pods_weather.framework; sourceTree = BUILT_PRODUCTS_DIR; };
		B6041EE9F7D190874AC7B420 /* Pods-weather.debug.xcconfig */ = {isa = PBXFileReference; includeInIndex = 1; lastKnownFileType = text.xcconfig; name = "Pods-weather.debug.xcconfig"; path = "Pods/Target Support Files/Pods-weather/Pods-weather.debug.xcconfig"; sourceTree = "<group>"; };
		E931845C9980CA58EE958336 /* Pods-weather.release.xcconfig */ = {isa = PBXFileReference; includeInIndex = 1; lastKnownFileType = text.xcconfig; name = "Pods-weather.release.xcconfig"; path = "Pods/Target Support Files/Pods-weather/Pods-weather.release.xcconfig"; sourceTree = "<group>"; };
/* End PBXFileReference section */

/* Begin PBXFrameworksBuildPhase section */
		631371071C7A1E3700565875 /* Frameworks */ = {
			isa = PBXFrameworksBuildPhase;
			buildActionMask = 2147483647;
			files = (
				6A225346CC7A8BB6EC9962E9 /* Pods_weather.framework in Frameworks */,
			);
			runOnlyForDeploymentPostprocessing = 0;
		};
/* End PBXFrameworksBuildPhase section */

/* Begin PBXGroup section */
		46103DCB89AEF42EA1B7A3EF /* Pods */ = {
			isa = PBXGroup;
			children = (
				B6041EE9F7D190874AC7B420 /* Pods-weather.debug.xcconfig */,
				E931845C9980CA58EE958336 /* Pods-weather.release.xcconfig */,
			);
			name = Pods;
			sourceTree = "<group>";
		};
		631371011C7A1E3700565875 = {
			isa = PBXGroup;
			children = (
				6313710C1C7A1E3700565875 /* weather */,
				6313710B1C7A1E3700565875 /* Products */,
				46103DCB89AEF42EA1B7A3EF /* Pods */,
				997615792572FEDC4FCC2665 /* Frameworks */,
			);
			sourceTree = "<group>";
		};
		6313710B1C7A1E3700565875 /* Products */ = {
			isa = PBXGroup;
			children = (
				6313710A1C7A1E3700565875 /* weather.app */,
			);
			name = Products;
			sourceTree = "<group>";
		};
		6313710C1C7A1E3700565875 /* weather */ = {
			isa = PBXGroup;
			children = (
				6313710D1C7A1E3700565875 /* AppDelegate.swift */,
				6313710F1C7A1E3700565875 /* ViewController.swift */,
				631371111C7A1E3700565875 /* Main.storyboard */,
				631371171C7A1E3700565875 /* Assets.xcassets */,
				631371191C7A1E3700565875 /* LaunchScreen.storyboard */,
				6313711C1C7A1E3700565875 /* Info.plist */,
				631371141C7A1E3700565875 /* weather.xcdatamodeld */,
			);
			path = weather;
			sourceTree = "<group>";
		};
		997615792572FEDC4FCC2665 /* Frameworks */ = {
			isa = PBXGroup;
			children = (
				B56CA03C6FD718D033972BF8 /* Pods_weather.framework */,
			);
			name = Frameworks;
			sourceTree = "<group>";
		};
/* End PBXGroup section */

/* Begin PBXNativeTarget section */
		631371091C7A1E3700565875 /* weather */ = {
			isa = PBXNativeTarget;
			buildConfigurationList = 6313711F1C7A1E3700565875 /* Build configuration list for PBXNativeTarget "weather" */;
			buildPhases = (
				B654084EBE19933E018DE3F3 /* Check Pods Manifest.lock */,
				631371061C7A1E3700565875 /* Sources */,
				631371071C7A1E3700565875 /* Frameworks */,
				631371081C7A1E3700565875 /* Resources */,
				64211D9E97DA9DF35BAAD412 /* Embed Pods Frameworks */,
				9B937123988B297561A80C7C /* Copy Pods Resources */,
			);
			buildRules = (
			);
			dependencies = (
			);
			name = weather;
			productName = weather;
			productReference = 6313710A1C7A1E3700565875 /* weather.app */;
			productType = "com.apple.product-type.application";
		};
/* End PBXNativeTarget section */

/* Begin PBXProject section */
		631371021C7A1E3700565875 /* Project object */ = {
			isa = PBXProject;
			attributes = {
				LastSwiftUpdateCheck = 0720;
				LastUpgradeCheck = 0720;
				ORGANIZATIONNAME = ResponseApps;
				TargetAttributes = {
					631371091C7A1E3700565875 = {
						CreatedOnToolsVersion = 7.2.1;
						DevelopmentTeam = 5L6ATV529N;
					};
				};
			};
			buildConfigurationList = 631371051C7A1E3700565875 /* Build configuration list for PBXProject "weather" */;
			compatibilityVersion = "Xcode 3.2";
			developmentRegion = English;
			hasScannedForEncodings = 0;
			knownRegions = (
				en,
				Base,
			);
			mainGroup = 631371011C7A1E3700565875;
			productRefGroup = 6313710B1C7A1E3700565875 /* Products */;
			projectDirPath = "";
			projectRoot = "";
			targets = (
				631371091C7A1E3700565875 /* weather */,
			);
		};
/* End PBXProject section */

/* Begin PBXResourcesBuildPhase section */
		631371081C7A1E3700565875 /* Resources */ = {
			isa = PBXResourcesBuildPhase;
			buildActionMask = 2147483647;
			files = (
				6313711B1C7A1E3700565875 /* LaunchScreen.storyboard in Resources */,
				631371181C7A1E3700565875 /* Assets.xcassets in Resources */,
				631371131C7A1E3700565875 /* Main.storyboard in Resources */,
			);
			runOnlyForDeploymentPostprocessing = 0;
		};
/* End PBXResourcesBuildPhase section */

/* Begin PBXShellScriptBuildPhase section */
		64211D9E97DA9DF35BAAD412 /* Embed Pods Frameworks */ = {
			isa = PBXShellScriptBuildPhase;
			buildActionMask = 2147483647;
			files = (
			);
			inputPaths = (
			);
			name = "Embed Pods Frameworks";
			outputPaths = (
			);
			runOnlyForDeploymentPostprocessing = 0;
			shellPath = /bin/sh;
			shellScript = "\"${SRCROOT}/Pods/Target Support Files/Pods-weather/Pods-weather-frameworks.sh\"\n";
			showEnvVarsInLog = 0;
		};
		9B937123988B297561A80C7C /* Copy Pods Resources */ = {
			isa = PBXShellScriptBuildPhase;
			buildActionMask = 2147483647;
			files = (
			);
			inputPaths = (
			);
			name = "Copy Pods Resources";
			outputPaths = (
			);
			runOnlyForDeploymentPostprocessing = 0;
			shellPath = /bin/sh;
			shellScript = "\"${SRCROOT}/Pods/Target Support Files/Pods-weather/Pods-weather-resources.sh\"\n";
			showEnvVarsInLog = 0;
		};
		B654084EBE19933E018DE3F3 /* Check Pods Manifest.lock */ = {
			isa = PBXShellScriptBuildPhase;
			buildActionMask = 2147483647;
			files = (
			);
			inputPaths = (
			);
			name = "Check Pods Manifest.lock";
			outputPaths = (
			);
			runOnlyForDeploymentPostprocessing = 0;
			shellPath = /bin/sh;
			shellScript = "diff \"${PODS_ROOT}/../Podfile.lock\" \"${PODS_ROOT}/Manifest.lock\" > /dev/null\nif [[ $? != 0 ]] ; then\n    cat << EOM\nerror: The sandbox is not in sync with the Podfile.lock. Run 'pod install' or update your CocoaPods installation.\nEOM\n    exit 1\nfi\n";
			showEnvVarsInLog = 0;
		};
/* End PBXShellScriptBuildPhase section */

/* Begin PBXSourcesBuildPhase section */
		631371061C7A1E3700565875 /* Sources */ = {
			isa = PBXSourcesBuildPhase;
			buildActionMask = 2147483647;
			files = (
				631371161C7A1E3700565875 /* weather.xcdatamodeld in Sources */,
				631371101C7A1E3700565875 /* ViewController.swift in Sources */,
				6313710E1C7A1E3700565875 /* AppDelegate.swift in Sources */,
			);
			runOnlyForDeploymentPostprocessing = 0;
		};
/* End PBXSourcesBuildPhase section */

/* Begin PBXVariantGroup section */
		631371111C7A1E3700565875 /* Main.storyboard */ = {
			isa = PBXVariantGroup;
			children = (
				631371121C7A1E3700565875 /* Base */,
			);
			name = Main.storyboard;
			sourceTree = "<group>";
		};
		631371191C7A1E3700565875 /* LaunchScreen.storyboard */ = {
			isa = PBXVariantGroup;
			children = (
				6313711A1C7A1E3700565875 /* Base */,
			);
			name = LaunchScreen.storyboard;
			sourceTree = "<group>";
		};
/* End PBXVariantGroup section */

/* Begin XCBuildConfiguration section */
		6313711D1C7A1E3700565875 /* Debug */ = {
			isa = XCBuildConfiguration;
			buildSettings = {
				ALWAYS_SEARCH_USER_PATHS = NO;
				CLANG_CXX_LANGUAGE_STANDARD = "gnu++0x";
				CLANG_CXX_LIBRARY = "libc++";
				CLANG_ENABLE_MODULES = YES;
				CLANG_ENABLE_OBJC_ARC = YES;
				CLANG_WARN_BOOL_CONVERSION = YES;
				CLANG_WARN_CONSTANT_CONVERSION = YES;
				CLANG_WARN_DIRECT_OBJC_ISA_USAGE = YES_ERROR;
				CLANG_WARN_EMPTY_BODY = YES;
				CLANG_WARN_ENUM_CONVERSION = YES;
				CLANG_WARN_INT_CONVERSION = YES;
				CLANG_WARN_OBJC_ROOT_CLASS = YES_ERROR;
				CLANG_WARN_UNREACHABLE_CODE = YES;
				CLANG_WARN__DUPLICATE_METHOD_MATCH = YES;
				"CODE_SIGN_IDENTITY[sdk=iphoneos*]" = "iPhone Developer";
				COPY_PHASE_STRIP = NO;
				DEBUG_INFORMATION_FORMAT = dwarf;
				ENABLE_STRICT_OBJC_MSGSEND = YES;
				ENABLE_TESTABILITY = YES;
				GCC_C_LANGUAGE_STANDARD = gnu99;
				GCC_DYNAMIC_NO_PIC = NO;
				GCC_NO_COMMON_BLOCKS = YES;
				GCC_OPTIMIZATION_LEVEL = 0;
				GCC_PREPROCESSOR_DEFINITIONS = (
					"DEBUG=1",
					"$(inherited)",
				);
				GCC_WARN_64_TO_32_BIT_CONVERSION = YES;
				GCC_WARN_ABOUT_RETURN_TYPE = YES_ERROR;
				GCC_WARN_UNDECLARED_SELECTOR = YES;
				GCC_WARN_UNINITIALIZED_AUTOS = YES_AGGRESSIVE;
				GCC_WARN_UNUSED_FUNCTION = YES;
				GCC_WARN_UNUSED_VARIABLE = YES;
				IPHONEOS_DEPLOYMENT_TARGET = 9.2;
				MTL_ENABLE_DEBUG_INFO = YES;
				ONLY_ACTIVE_ARCH = YES;
				SDKROOT = iphoneos;
				SWIFT_OPTIMIZATION_LEVEL = "-Onone";
				TARGETED_DEVICE_FAMILY = "1,2";
			};
			name = Debug;
		};
		6313711E1C7A1E3700565875 /* Release */ = {
			isa = XCBuildConfiguration;
			buildSettings = {
				ALWAYS_SEARCH_USER_PATHS = NO;
				CLANG_CXX_LANGUAGE_STANDARD = "gnu++0x";
				CLANG_CXX_LIBRARY = "libc++";
				CLANG_ENABLE_MODULES = YES;
				CLANG_ENABLE_OBJC_ARC = YES;
				CLANG_WARN_BOOL_CONVERSION = YES;
				CLANG_WARN_CONSTANT_CONVERSION = YES;
				CLANG_WARN_DIRECT_OBJC_ISA_USAGE = YES_ERROR;
				CLANG_WARN_EMPTY_BODY = YES;
				CLANG_WARN_ENUM_CONVERSION = YES;
				CLANG_WARN_INT_CONVERSION = YES;
				CLANG_WARN_OBJC_ROOT_CLASS = YES_ERROR;
				CLANG_WARN_UNREACHABLE_CODE = YES;
				CLANG_WARN__DUPLICATE_METHOD_MATCH = YES;
				"CODE_SIGN_IDENTITY[sdk=iphoneos*]" = "iPhone Developer";
				COPY_PHASE_STRIP = NO;
				DEBUG_INFORMATION_FORMAT = "dwarf-with-dsym";
				ENABLE_NS_ASSERTIONS = NO;
				ENABLE_STRICT_OBJC_MSGSEND = YES;
				GCC_C_LANGUAGE_STANDARD = gnu99;
				GCC_NO_COMMON_BLOCKS = YES;
				GCC_WARN_64_TO_32_BIT_CONVERSION = YES;
				GCC_WARN_ABOUT_RETURN_TYPE = YES_ERROR;
				GCC_WARN_UNDECLARED_SELECTOR = YES;
				GCC_WARN_UNINITIALIZED_AUTOS = YES_AGGRESSIVE;
				GCC_WARN_UNUSED_FUNCTION = YES;
				GCC_WARN_UNUSED_VARIABLE = YES;
				IPHONEOS_DEPLOYMENT_TARGET = 9.2;
				MTL_ENABLE_DEBUG_INFO = NO;
				SDKROOT = iphoneos;
				TARGETED_DEVICE_FAMILY = "1,2";
				VALIDATE_PRODUCT = YES;
			};
			name = Release;
		};
		631371201C7A1E3700565875 /* Debug */ = {
			isa = XCBuildConfiguration;
			baseConfigurationReference = B6041EE9F7D190874AC7B420 /* Pods-weather.debug.xcconfig */;
			buildSettings = {
				ASSETCATALOG_COMPILER_APPICON_NAME = AppIcon;
				INFOPLIST_FILE = weather/Info.plist;
				LD_RUNPATH_SEARCH_PATHS = "$(inherited) @executable_path/Frameworks";
				PRODUCT_BUNDLE_IDENTIFIER = com.mikeyj777.weather;
				PRODUCT_NAME = "$(TARGET_NAME)";
			};
			name = Debug;
		};
		631371211C7A1E3700565875 /* Release */ = {
			isa = XCBuildConfiguration;
			baseConfigurationReference = E931845C9980CA58EE958336 /* Pods-weather.release.xcconfig */;
			buildSettings = {
				ASSETCATALOG_COMPILER_APPICON_NAME = AppIcon;
				INFOPLIST_FILE = weather/Info.plist;
				LD_RUNPATH_SEARCH_PATHS = "$(inherited) @executable_path/Frameworks";
				PRODUCT_BUNDLE_IDENTIFIER = com.mikeyj777.weather;
				PRODUCT_NAME = "$(TARGET_NAME)";
			};
			name = Release;
		};
/* End XCBuildConfiguration section */

/* Begin XCConfigurationList section */
		631371051C7A1E3700565875 /* Build configuration list for PBXProject "weather" */ = {
			isa = XCConfigurationList;
			buildConfigurations = (
				6313711D1C7A1E3700565875 /* Debug */,
				6313711E1C7A1E3700565875 /* Release */,
			);
			defaultConfigurationIsVisible = 0;
			defaultConfigurationName = Release;
		};
		6313711F1C7A1E3700565875 /* Build configuration list for PBXNativeTarget "weather" */ = {
			isa = XCConfigurationList;
			buildConfigurations = (
				631371201C7A1E3700565875 /* Debug */,
				631371211C7A1E3700565875 /* Release */,
			);
			defaultConfigurationIsVisible = 0;
			defaultConfigurationName = Release;
		};
/* End XCConfigurationList section */

/* Begin XCVersionGroup section */
		631371141C7A1E3700565875 /* weather.xcdatamodeld */ = {
			isa = XCVersionGroup;
			children = (
				631371151C7A1E3700565875 /* weather.xcdatamodel */,
			);
			currentVersion = 631371151C7A1E3700565875 /* weather.xcdatamodel */;
			path = weather.xcdatamodeld;
			sourceTree = "<group>";
			versionGroupType = wrapper.xcdatamodel;
		};
/* End XCVersionGroup section */
	};
	rootObject = 631371021C7A1E3700565875 /* Project object */;
}
